{
  "name": "axum-hello-ws",
  "lockfileVersion": 3,
  "requires": true,
  "packages": {
    "": {
      "name": "axum-hello-ws",
      "dependencies": {
        "@cloudflare/containers": "^0.0.8"
      },
      "devDependencies": {
        "@cloudflare/workers-types": "^4"
      }
    },
    "node_modules/@cloudflare/containers": {
      "version": "0.0.8",
      "resolved": "https://registry.npmjs.org/@cloudflare/containers/-/containers-0.0.8.tgz",
      "integrity": "sha512-Uaw11AaUN0jVxRAd6PW33shAA4D4u0Yei3Xl/AOSijguYDhDGDMW4Dykx8vYUAl4tCbV9hGxvBgw9mAFCFXoJw==",
      "license": "ISC"
    },
    "node_modules/@cloudflare/workers-types": {
      "version": "4.20260317.1",
      "resolved": "https://registry.npmjs.org/@cloudflare/workers-types/-/workers-types-4.20260317.1.tgz",
      "integrity": "sha512-+G4eVwyCpm8Au1ex8vQBCuA9wnwqetz4tPNRoB/53qvktERWBRMQnrtvC1k584yRE3emMThtuY0gWshvSJ++PQ==",
      "dev": true,
      "license": "MIT OR Apache-2.0"
    }
  }
}
